PODS:
  - AFNetworking (2.6.3):
    - AFNetworking/NSURLConnection (= 2.6.3)
    - AFNetworking/NSURLSession (= 2.6.3)
    - AFNetworking/Reachability (= 2.6.3)
    - AFNetworking/Security (= 2.6.3)
    - AFNetworking/Serialization (= 2.6.3)
    - AFNetworking/UIKit (= 2.6.3)
  - AFNetworking+AutoRetry (0.0.5):
    - AFNetworking (~> 2)
    - ObjcAssociatedObjectHelpers
  - AFNetworking/NSURLConnection (2.6.3):
    - AFNetworking/Reachability
    - AFNetworking/Security
    - AFNetworking/Serialization
  - AFNetworking/NSURLSession (2.6.3):
    - AFNetworking/Reachability
    - AFNetworking/Security
    - AFNetworking/Serialization
  - AFNetworking/Reachability (2.6.3)
  - AFNetworking/Security (2.6.3)
  - AFNetworking/Serialization (2.6.3)
  - AFNetworking/UIKit (2.6.3):
    - AFNetworking/NSURLConnection
    - AFNetworking/NSURLSession
  - KIF (3.5.2):
    - KIF/Core (= 3.5.2)
  - KIF/Core (3.5.2)
  - Material (2.6.3):
    - Material/Core (= 2.6.3)
  - Material/Core (2.6.3)
  - MaterialComponents/CollectionCells (29.0.0):
    - MaterialComponents/CollectionLayoutAttributes
    - MaterialComponents/Ink
    - MaterialComponents/private/Icons/ic_check
    - MaterialComponents/private/Icons/ic_check_circle
    - MaterialComponents/private/Icons/ic_chevron_right
    - MaterialComponents/private/Icons/ic_info
    - MaterialComponents/private/Icons/ic_radio_button_unchecked
    - MaterialComponents/private/Icons/ic_reorder
    - MaterialComponents/private/Math
    - MaterialComponents/private/RTL
    - MaterialComponents/Typography
  - MaterialComponents/CollectionLayoutAttributes (29.0.0)
  - MaterialComponents/Collections (29.0.0):
    - MaterialComponents/CollectionCells
    - MaterialComponents/CollectionLayoutAttributes
    - MaterialComponents/Ink
    - MaterialComponents/ShadowElevations
    - MaterialComponents/ShadowLayer
    - MaterialComponents/Typography
  - MaterialComponents/Ink (29.0.0):
    - MaterialComponents/Ink/ColorThemer (= 29.0.0)
    - MaterialComponents/Ink/Component (= 29.0.0)
  - MaterialComponents/Ink/ColorThemer (29.0.0):
    - MaterialComponents/Ink/Component
    - MaterialComponents/Themes
  - MaterialComponents/Ink/Component (29.0.0)
  - MaterialComponents/private/Application (29.0.0)
  - MaterialComponents/private/Icons/Base (29.0.0)
  - MaterialComponents/private/Icons/ic_check (29.0.0):
    - MaterialComponents/private/Icons/Base
  - MaterialComponents/private/Icons/ic_check_circle (29.0.0):
    - MaterialComponents/private/Icons/Base
  - MaterialComponents/private/Icons/ic_chevron_right (29.0.0):
    - MaterialComponents/private/Icons/Base
  - MaterialComponents/private/Icons/ic_info (29.0.0):
    - MaterialComponents/private/Icons/Base
  - MaterialComponents/private/Icons/ic_radio_button_unchecked (29.0.0):
    - MaterialComponents/private/Icons/Base
  - MaterialComponents/private/Icons/ic_reorder (29.0.0):
    - MaterialComponents/private/Icons/Base
  - MaterialComponents/private/Math (29.0.0)
  - MaterialComponents/private/RTL (29.0.0)
  - MaterialComponents/ShadowElevations (29.0.0)
  - MaterialComponents/ShadowLayer (29.0.0)
  - MaterialComponents/Themes (29.0.0)
  - MaterialComponents/Typography (29.0.0):
    - MaterialComponents/private/Application
  - Nimble (7.0.1)
  - ObjcAssociatedObjectHelpers (2.0.1):
    - ObjcAssociatedObjectHelpers/Core (= 2.0.1)
    - ObjcAssociatedObjectHelpers/NSObject+Dictionary (= 2.0.1)
  - ObjcAssociatedObjectHelpers/Core (2.0.1)
  - ObjcAssociatedObjectHelpers/NSObject+Dictionary (2.0.1):
    - ObjcAssociatedObjectHelpers/Core

DEPENDENCIES:
  - AFNetworking
  - AFNetworking+AutoRetry
  - KIF
  - Material (~> 2.6.3)
  - MaterialComponents/Collections
  - Nimble

SPEC CHECKSUMS:
  AFNetworking: cb8d14a848e831097108418f5d49217339d4eb60
  AFNetworking+AutoRetry: 5987ec96155e58fe356f1a3e91e79e5f3be6296a
  KIF: f2a6025bb3f11692df675054a134d43a9ec2d7db
  Material: af607a7ec0e9978ef85cf189a3d8ceeeb650400f
  MaterialComponents: d0ae7d9b517a72608caaa609682fe2de41921ba0
  Nimble: 657d000e11df8aebe27cdaf9d244de7f30ed87f7
  ObjcAssociatedObjectHelpers: 686c291f292c26a49b9b1fa7d58130a8d35d59d2

PODFILE CHECKSUM: 5b9be62ca3f44e7ec21109b861e083602ab59ddb

COCOAPODS: 1.2.0
