// !$*UTF8*$!
{
	archiveVersion = 1;
	classes = {
	};
	objectVersion = 46;
	objects = {

/* Begin PBXBuildFile section */
		F8168A941F41F1AF001A12AC /* AppDelegate.swift in Sources */ = {isa = PBXBuildFile; fileRef = F8168A931F41F1AF001A12AC /* AppDelegate.swift */; };
		F8168A961F41F1AF001A12AC /* ViewController.swift in Sources */ = {isa = PBXBuildFile; fileRef = F8168A951F41F1AF001A12AC /* ViewController.swift */; };
		F8168A991F41F1AF001A12AC /* Main.storyboard in Resources */ = {isa = PBXBuildFile; fileRef = F8168A971F41F1AF001A12AC /* Main.storyboard */; };
		F8168A9B1F41F1AF001A12AC /* Assets.xcassets in Resources */ = {isa = PBXBuildFile; fileRef = F8168A9A1F41F1AF001A12AC /* Assets.xcassets */; };
		F8168A9E1F41F1AF001A12AC /* LaunchScreen.storyboard in Resources */ = {isa = PBXBuildFile; fileRef = F8168A9C1F41F1AF001A12AC /* LaunchScreen.storyboard */; };
		F8168AA91F41F981001A12AC /* RootTabBarController.swift in Sources */ = {isa = PBXBuildFile; fileRef = F8168AA81F41F981001A12AC /* RootTabBarController.swift */; };
		F8168AAA1F41FA62001A12AC /* Pods_SHDemoApp.framework in Frameworks */ = {isa = PBXBuildFile; fileRef = 362F97C3E222C9CD0583A7F2 /* Pods_SHDemoApp.framework */; };
		F8168AAB1F41FA62001A12AC /* Pods_SHDemoApp.framework in Embed Frameworks */ = {isa = PBXBuildFile; fileRef = 362F97C3E222C9CD0583A7F2 /* Pods_SHDemoApp.framework */; settings = {ATTRIBUTES = (CodeSignOnCopy, RemoveHeadersOnCopy, ); }; };
		F8168AAE1F420D5F001A12AC /* ShowsViewController.swift in Sources */ = {isa = PBXBuildFile; fileRef = F8168AAD1F420D5F001A12AC /* ShowsViewController.swift */; };
		F8168AB01F420D7E001A12AC /* ShowsItemsCollectionViewController.swift in Sources */ = {isa = PBXBuildFile; fileRef = F8168AAF1F420D7E001A12AC /* ShowsItemsCollectionViewController.swift */; };
		F8F188531F4255FD00D3461F /* ShowItemCollectionViewCell.swift in Sources */ = {isa = PBXBuildFile; fileRef = F8F188521F4255FD00D3461F /* ShowItemCollectionViewCell.swift */; };
		F8F188551F42644D00D3461F /* ShowItem.swift in Sources */ = {isa = PBXBuildFile; fileRef = F8F188541F42644D00D3461F /* ShowItem.swift */; };
		F8F188571F4293D200D3461F /* ShowDetailViewController.swift in Sources */ = {isa = PBXBuildFile; fileRef = F8F188561F4293D200D3461F /* ShowDetailViewController.swift */; };
		F8F1885F1F429D0900D3461F /* SHDemoAppUITests.swift in Sources */ = {isa = PBXBuildFile; fileRef = F8F1885E1F429D0900D3461F /* SHDemoAppUITests.swift */; };
		F8F1886D1F429D7500D3461F /* SHDemoAppTests.swift in Sources */ = {isa = PBXBuildFile; fileRef = F8F1886C1F429D7500D3461F /* SHDemoAppTests.swift */; };
/* End PBXBuildFile section */

/* Begin PBXContainerItemProxy section */
		F8F188611F429D0900D3461F /* PBXContainerItemProxy */ = {
			isa = PBXContainerItemProxy;
			containerPortal = F8168A881F41F1AF001A12AC /* Project object */;
			proxyType = 1;
			remoteGlobalIDString = F8168A8F1F41F1AF001A12AC;
			remoteInfo = SHDemoApp;
		};
		F8F1886F1F429D7500D3461F /* PBXContainerItemProxy */ = {
			isa = PBXContainerItemProxy;
			containerPortal = F8168A881F41F1AF001A12AC /* Project object */;
			proxyType = 1;
			remoteGlobalIDString = F8168A8F1F41F1AF001A12AC;
			remoteInfo = SHDemoApp;
		};
/* End PBXContainerItemProxy section */

/* Begin PBXCopyFilesBuildPhase section */
		F8168AAC1F41FA62001A12AC /* Embed Frameworks */ = {
			isa = PBXCopyFilesBuildPhase;
			buildActionMask = 2147483647;
			dstPath = "";
			dstSubfolderSpec = 10;
			files = (
				F8168AAB1F41FA62001A12AC /* Pods_SHDemoApp.framework in Embed Frameworks */,
			);
			name = "Embed Frameworks";
			runOnlyForDeploymentPostprocessing = 0;
		};
/* End PBXCopyFilesBuildPhase section */

/* Begin PBXFileReference section */
		362F97C3E222C9CD0583A7F2 /* Pods_SHDemoApp.framework */ = {isa = PBXFileReference; explicitFileType = wrapper.framework; includeInIndex = 0; path = Pods_SHDemoApp.framework; sourceTree = BUILT_PRODUCTS_DIR; };
		785E417AA42344F4FC960DE6 /* Pods-SHDemoApp.release.xcconfig */ = {isa = PBXFileReference; includeInIndex = 1; lastKnownFileType = text.xcconfig; name = "Pods-SHDemoApp.release.xcconfig"; path = "Pods/Target Support Files/Pods-SHDemoApp/Pods-SHDemoApp.release.xcconfig"; sourceTree = "<group>"; };
		7DEED060F0C10577C5661171 /* Pods-SHDemoApp.debug.xcconfig */ = {isa = PBXFileReference; includeInIndex = 1; lastKnownFileType = text.xcconfig; name = "Pods-SHDemoApp.debug.xcconfig"; path = "Pods/Target Support Files/Pods-SHDemoApp/Pods-SHDemoApp.debug.xcconfig"; sourceTree = "<group>"; };
		F8168A901F41F1AF001A12AC /* SHDemoApp.app */ = {isa = PBXFileReference; explicitFileType = wrapper.application; includeInIndex = 0; path = SHDemoApp.app; sourceTree = BUILT_PRODUCTS_DIR; };
		F8168A931F41F1AF001A12AC /* AppDelegate.swift */ = {isa = PBXFileReference; lastKnownFileType = sourcecode.swift; path = AppDelegate.swift; sourceTree = "<group>"; };
		F8168A951F41F1AF001A12AC /* ViewController.swift */ = {isa = PBXFileReference; lastKnownFileType = sourcecode.swift; path = ViewController.swift; sourceTree = "<group>"; };
		F8168A981F41F1AF001A12AC /* Base */ = {isa = PBXFileReference; lastKnownFileType = file.storyboard; name = Base; path = Base.lproj/Main.storyboard; sourceTree = "<group>"; };
		F8168A9A1F41F1AF001A12AC /* Assets.xcassets */ = {isa = PBXFileReference; lastKnownFileType = folder.assetcatalog; path = Assets.xcassets; sourceTree = "<group>"; };
		F8168A9D1F41F1AF001A12AC /* Base */ = {isa = PBXFileReference; lastKnownFileType = file.storyboard; name = Base; path = Base.lproj/LaunchScreen.storyboard; sourceTree = "<group>"; };
		F8168A9F1F41F1AF001A12AC /* Info.plist */ = {isa = PBXFileReference; lastKnownFileType = text.plist.xml; path = Info.plist; sourceTree = "<group>"; };
		F8168AA81F41F981001A12AC /* RootTabBarController.swift */ = {isa = PBXFileReference; fileEncoding = 4; lastKnownFileType = sourcecode.swift; path = RootTabBarController.swift; sourceTree = "<group>"; };
		F8168AAD1F420D5F001A12AC /* ShowsViewController.swift */ = {isa = PBXFileReference; fileEncoding = 4; lastKnownFileType = sourcecode.swift; path = ShowsViewController.swift; sourceTree = "<group>"; };
		F8168AAF1F420D7E001A12AC /* ShowsItemsCollectionViewController.swift */ = {isa = PBXFileReference; fileEncoding = 4; lastKnownFileType = sourcecode.swift; path = ShowsItemsCollectionViewController.swift; sourceTree = "<group>"; };
		F8F188521F4255FD00D3461F /* ShowItemCollectionViewCell.swift */ = {isa = PBXFileReference; fileEncoding = 4; lastKnownFileType = sourcecode.swift; path = ShowItemCollectionViewCell.swift; sourceTree = "<group>"; };
		F8F188541F42644D00D3461F /* ShowItem.swift */ = {isa = PBXFileReference; fileEncoding = 4; lastKnownFileType = sourcecode.swift; path = ShowItem.swift; sourceTree = "<group>"; };
		F8F188561F4293D200D3461F /* ShowDetailViewController.swift */ = {isa = PBXFileReference; fileEncoding = 4; lastKnownFileType = sourcecode.swift; path = ShowDetailViewController.swift; sourceTree = "<group>"; };
		F8F1885C1F429D0900D3461F /* SHDemoAppUITests.xctest */ = {isa = PBXFileReference; explicitFileType = wrapper.cfbundle; includeInIndex = 0; path = SHDemoAppUITests.xctest; sourceTree = BUILT_PRODUCTS_DIR; };
		F8F1885E1F429D0900D3461F /* SHDemoAppUITests.swift */ = {isa = PBXFileReference; lastKnownFileType = sourcecode.swift; path = SHDemoAppUITests.swift; sourceTree = "<group>"; };
		F8F188601F429D0900D3461F /* Info.plist */ = {isa = PBXFileReference; lastKnownFileType = text.plist.xml; path = Info.plist; sourceTree = "<group>"; };
		F8F1886A1F429D7500D3461F /* SHDemoAppTests.xctest */ = {isa = PBXFileReference; explicitFileType = wrapper.cfbundle; includeInIndex = 0; path = SHDemoAppTests.xctest; sourceTree = BUILT_PRODUCTS_DIR; };
		F8F1886C1F429D7500D3461F /* SHDemoAppTests.swift */ = {isa = PBXFileReference; lastKnownFileType = sourcecode.swift; path = SHDemoAppTests.swift; sourceTree = "<group>"; };
		F8F1886E1F429D7500D3461F /* Info.plist */ = {isa = PBXFileReference; lastKnownFileType = text.plist.xml; path = Info.plist; sourceTree = "<group>"; };
/* End PBXFileReference section */

/* Begin PBXFrameworksBuildPhase section */
		F8168A8D1F41F1AF001A12AC /* Frameworks */ = {
			isa = PBXFrameworksBuildPhase;
			buildActionMask = 2147483647;
			files = (
				F8168AAA1F41FA62001A12AC /* Pods_SHDemoApp.framework in Frameworks */,
			);
			runOnlyForDeploymentPostprocessing = 0;
		};
		F8F188591F429D0900D3461F /* Frameworks */ = {
			isa = PBXFrameworksBuildPhase;
			buildActionMask = 2147483647;
			files = (
			);
			runOnlyForDeploymentPostprocessing = 0;
		};
		F8F188671F429D7500D3461F /* Frameworks */ = {
			isa = PBXFrameworksBuildPhase;
			buildActionMask = 2147483647;
			files = (
			);
			runOnlyForDeploymentPostprocessing = 0;
		};
/* End PBXFrameworksBuildPhase section */

/* Begin PBXGroup section */
		27A77D30D2DFDE204CCCDAD5 /* Pods */ = {
			isa = PBXGroup;
			children = (
				7DEED060F0C10577C5661171 /* Pods-SHDemoApp.debug.xcconfig */,
				785E417AA42344F4FC960DE6 /* Pods-SHDemoApp.release.xcconfig */,
			);
			name = Pods;
			sourceTree = "<group>";
		};
		855F78D4B484ACB71B23C75F /* Frameworks */ = {
			isa = PBXGroup;
			children = (
				362F97C3E222C9CD0583A7F2 /* Pods_SHDemoApp.framework */,
			);
			name = Frameworks;
			sourceTree = "<group>";
		};
		F8168A871F41F1AF001A12AC = {
			isa = PBXGroup;
			children = (
				F8168A921F41F1AF001A12AC /* SHDemoApp */,
				F8F1885D1F429D0900D3461F /* SHDemoAppUITests */,
				F8F1886B1F429D7500D3461F /* SHDemoAppTests */,
				F8168A911F41F1AF001A12AC /* Products */,
				27A77D30D2DFDE204CCCDAD5 /* Pods */,
				855F78D4B484ACB71B23C75F /* Frameworks */,
			);
			sourceTree = "<group>";
		};
		F8168A911F41F1AF001A12AC /* Products */ = {
			isa = PBXGroup;
			children = (
				F8168A901F41F1AF001A12AC /* SHDemoApp.app */,
				F8F1885C1F429D0900D3461F /* SHDemoAppUITests.xctest */,
				F8F1886A1F429D7500D3461F /* SHDemoAppTests.xctest */,
			);
			name = Products;
			sourceTree = "<group>";
		};
		F8168A921F41F1AF001A12AC /* SHDemoApp */ = {
			isa = PBXGroup;
			children = (
				F8168A931F41F1AF001A12AC /* AppDelegate.swift */,
				F8168AA51F41F948001A12AC /* Views */,
				F8168AA61F41F94A001A12AC /* ViewControllers */,
				F8168AA71F41F94F001A12AC /* Models */,
				F8168A971F41F1AF001A12AC /* Main.storyboard */,
				F8168A9A1F41F1AF001A12AC /* Assets.xcassets */,
				F8168A9C1F41F1AF001A12AC /* LaunchScreen.storyboard */,
				F8168A9F1F41F1AF001A12AC /* Info.plist */,
			);
			path = SHDemoApp;
			sourceTree = "<group>";
		};
		F8168AA51F41F948001A12AC /* Views */ = {
			isa = PBXGroup;
			children = (
				F8F188521F4255FD00D3461F /* ShowItemCollectionViewCell.swift */,
			);
			name = Views;
			sourceTree = "<group>";
		};
		F8168AA61F41F94A001A12AC /* ViewControllers */ = {
			isa = PBXGroup;
			children = (
				F8168A951F41F1AF001A12AC /* ViewController.swift */,
				F8168AA81F41F981001A12AC /* RootTabBarController.swift */,
				F8168AAD1F420D5F001A12AC /* ShowsViewController.swift */,
				F8168AAF1F420D7E001A12AC /* ShowsItemsCollectionViewController.swift */,
				F8F188561F4293D200D3461F /* ShowDetailViewController.swift */,
			);
			name = ViewControllers;
			sourceTree = "<group>";
		};
		F8168AA71F41F94F001A12AC /* Models */ = {
			isa = PBXGroup;
			children = (
				F8F188541F42644D00D3461F /* ShowItem.swift */,
			);
			name = Models;
			sourceTree = "<group>";
		};
		F8F1885D1F429D0900D3461F /* SHDemoAppUITests */ = {
			isa = PBXGroup;
			children = (
				F8F1885E1F429D0900D3461F /* SHDemoAppUITests.swift */,
				F8F188601F429D0900D3461F /* Info.plist */,
			);
			path = SHDemoAppUITests;
			sourceTree = "<group>";
		};
		F8F1886B1F429D7500D3461F /* SHDemoAppTests */ = {
			isa = PBXGroup;
			children = (
				F8F1886C1F429D7500D3461F /* SHDemoAppTests.swift */,
				F8F1886E1F429D7500D3461F /* Info.plist */,
			);
			path = SHDemoAppTests;
			sourceTree = "<group>";
		};
/* End PBXGroup section */

/* Begin PBXNativeTarget section */
		F8168A8F1F41F1AF001A12AC /* SHDemoApp */ = {
			isa = PBXNativeTarget;
			buildConfigurationList = F8168AA21F41F1AF001A12AC /* Build configuration list for PBXNativeTarget "SHDemoApp" */;
			buildPhases = (
				A9B1D3CA0CB9112A27986DCB /* [CP] Check Pods Manifest.lock */,
				F8168A8C1F41F1AF001A12AC /* Sources */,
				F8168A8D1F41F1AF001A12AC /* Frameworks */,
				F8168A8E1F41F1AF001A12AC /* Resources */,
				B7E3087B2F8B50916108D393 /* [CP] Embed Pods Frameworks */,
				BA0C2C3622DA034C099F0624 /* [CP] Copy Pods Resources */,
				F8168AAC1F41FA62001A12AC /* Embed Frameworks */,
			);
			buildRules = (
			);
			dependencies = (
			);
			name = SHDemoApp;
			productName = SHDemoApp;
			productReference = F8168A901F41F1AF001A12AC /* SHDemoApp.app */;
			productType = "com.apple.product-type.application";
		};
		F8F1885B1F429D0900D3461F /* SHDemoAppUITests */ = {
			isa = PBXNativeTarget;
			buildConfigurationList = F8F188631F429D0900D3461F /* Build configuration list for PBXNativeTarget "SHDemoAppUITests" */;
			buildPhases = (
				F8F188581F429D0900D3461F /* Sources */,
				F8F188591F429D0900D3461F /* Frameworks */,
				F8F1885A1F429D0900D3461F /* Resources */,
			);
			buildRules = (
			);
			dependencies = (
				F8F188621F429D0900D3461F /* PBXTargetDependency */,
			);
			name = SHDemoAppUITests;
			productName = SHDemoAppUITests;
			productReference = F8F1885C1F429D0900D3461F /* SHDemoAppUITests.xctest */;
			productType = "com.apple.product-type.bundle.ui-testing";
		};
		F8F188691F429D7500D3461F /* SHDemoAppTests */ = {
			isa = PBXNativeTarget;
			buildConfigurationList = F8F188711F429D7500D3461F /* Build configuration list for PBXNativeTarget "SHDemoAppTests" */;
			buildPhases = (
				F8F188661F429D7500D3461F /* Sources */,
				F8F188671F429D7500D3461F /* Frameworks */,
				F8F188681F429D7500D3461F /* Resources */,
			);
			buildRules = (
			);
			dependencies = (
				F8F188701F429D7500D3461F /* PBXTargetDependency */,
			);
			name = SHDemoAppTests;
			productName = SHDemoAppTests;
			productReference = F8F1886A1F429D7500D3461F /* SHDemoAppTests.xctest */;
			productType = "com.apple.product-type.bundle.unit-test";
		};
/* End PBXNativeTarget section */

/* Begin PBXProject section */
		F8168A881F41F1AF001A12AC /* Project object */ = {
			isa = PBXProject;
			attributes = {
				LastSwiftUpdateCheck = 0820;
				LastUpgradeCheck = 0820;
				ORGANIZATIONNAME = "Farshad Mousalou";
				TargetAttributes = {
					F8168A8F1F41F1AF001A12AC = {
						CreatedOnToolsVersion = 8.2.1;
						ProvisioningStyle = Automatic;
					};
					F8F1885B1F429D0900D3461F = {
						CreatedOnToolsVersion = 8.2.1;
						ProvisioningStyle = Automatic;
						TestTargetID = F8168A8F1F41F1AF001A12AC;
					};
					F8F188691F429D7500D3461F = {
						CreatedOnToolsVersion = 8.2.1;
						ProvisioningStyle = Automatic;
						TestTargetID = F8168A8F1F41F1AF001A12AC;
					};
				};
			};
			buildConfigurationList = F8168A8B1F41F1AF001A12AC /* Build configuration list for PBXProject "SHDemoApp" */;
			compatibilityVersion = "Xcode 3.2";
			developmentRegion = English;
			hasScannedForEncodings = 0;
			knownRegions = (
				en,
				Base,
			);
			mainGroup = F8168A871F41F1AF001A12AC;
			productRefGroup = F8168A911F41F1AF001A12AC /* Products */;
			projectDirPath = "";
			projectRoot = "";
			targets = (
				F8168A8F1F41F1AF001A12AC /* SHDemoApp */,
				F8F1885B1F429D0900D3461F /* SHDemoAppUITests */,
				F8F188691F429D7500D3461F /* SHDemoAppTests */,
			);
		};
/* End PBXProject section */

/* Begin PBXResourcesBuildPhase section */
		F8168A8E1F41F1AF001A12AC /* Resources */ = {
			isa = PBXResourcesBuildPhase;
			buildActionMask = 2147483647;
			files = (
				F8168A9E1F41F1AF001A12AC /* LaunchScreen.storyboard in Resources */,
				F8168A9B1F41F1AF001A12AC /* Assets.xcassets in Resources */,
				F8168A991F41F1AF001A12AC /* Main.storyboard in Resources */,
			);
			runOnlyForDeploymentPostprocessing = 0;
		};
		F8F1885A1F429D0900D3461F /* Resources */ = {
			isa = PBXResourcesBuildPhase;
			buildActionMask = 2147483647;
			files = (
			);
			runOnlyForDeploymentPostprocessing = 0;
		};
		F8F188681F429D7500D3461F /* Resources */ = {
			isa = PBXResourcesBuildPhase;
			buildActionMask = 2147483647;
			files = (
			);
			runOnlyForDeploymentPostprocessing = 0;
		};
/* End PBXResourcesBuildPhase section */

/* Begin PBXShellScriptBuildPhase section */
		A9B1D3CA0CB9112A27986DCB /* [CP] Check Pods Manifest.lock */ = {
			isa = PBXShellScriptBuildPhase;
			buildActionMask = 2147483647;
			files = (
			);
			inputPaths = (
			);
			name = "[CP] Check Pods Manifest.lock";
			outputPaths = (
			);
			runOnlyForDeploymentPostprocessing = 0;
			shellPath = /bin/sh;
			shellScript = "diff \"${PODS_ROOT}/../Podfile.lock\" \"${PODS_ROOT}/Manifest.lock\" > /dev/null\nif [ $? != 0 ] ; then\n    # print error to STDERR\n    echo \"error: The sandbox is not in sync with the Podfile.lock. Run 'pod install' or update your CocoaPods installation.\" >&2\n    exit 1\nfi\n";
			showEnvVarsInLog = 0;
		};
		B7E3087B2F8B50916108D393 /* [CP] Embed Pods Frameworks */ = {
			isa = PBXShellScriptBuildPhase;
			buildActionMask = 2147483647;
			files = (
			);
			inputPaths = (
			);
			name = "[CP] Embed Pods Frameworks";
			outputPaths = (
			);
			runOnlyForDeploymentPostprocessing = 0;
			shellPath = /bin/sh;
			shellScript = "\"${SRCROOT}/Pods/Target Support Files/Pods-SHDemoApp/Pods-SHDemoApp-frameworks.sh\"\n";
			showEnvVarsInLog = 0;
		};
		BA0C2C3622DA034C099F0624 /* [CP] Copy Pods Resources */ = {
			isa = PBXShellScriptBuildPhase;
			buildActionMask = 2147483647;
			files = (
			);
			inputPaths = (
			);
			name = "[CP] Copy Pods Resources";
			outputPaths = (
			);
			runOnlyForDeploymentPostprocessing = 0;
			shellPath = /bin/sh;
			shellScript = "\"${SRCROOT}/Pods/Target Support Files/Pods-SHDemoApp/Pods-SHDemoApp-resources.sh\"\n";
			showEnvVarsInLog = 0;
		};
/* End PBXShellScriptBuildPhase section */

/* Begin PBXSourcesBuildPhase section */
		F8168A8C1F41F1AF001A12AC /* Sources */ = {
			isa = PBXSourcesBuildPhase;
			buildActionMask = 2147483647;
			files = (
				F8168AB01F420D7E001A12AC /* ShowsItemsCollectionViewController.swift in Sources */,
				F8F188551F42644D00D3461F /* ShowItem.swift in Sources */,
				F8168A961F41F1AF001A12AC /* ViewController.swift in Sources */,
				F8168AA91F41F981001A12AC /* RootTabBarController.swift in Sources */,
				F8F188571F4293D200D3461F /* ShowDetailViewController.swift in Sources */,
				F8168A941F41F1AF001A12AC /* AppDelegate.swift in Sources */,
				F8F188531F4255FD00D3461F /* ShowItemCollectionViewCell.swift in Sources */,
				F8168AAE1F420D5F001A12AC /* ShowsViewController.swift in Sources */,
			);
			runOnlyForDeploymentPostprocessing = 0;
		};
		F8F188581F429D0900D3461F /* Sources */ = {
			isa = PBXSourcesBuildPhase;
			buildActionMask = 2147483647;
			files = (
				F8F1885F1F429D0900D3461F /* SHDemoAppUITests.swift in Sources */,
			);
			runOnlyForDeploymentPostprocessing = 0;
		};
		F8F188661F429D7500D3461F /* Sources */ = {
			isa = PBXSourcesBuildPhase;
			buildActionMask = 2147483647;
			files = (
				F8F1886D1F429D7500D3461F /* SHDemoAppTests.swift in Sources */,
			);
			runOnlyForDeploymentPostprocessing = 0;
		};
/* End PBXSourcesBuildPhase section */

/* Begin PBXTargetDependency section */
		F8F188621F429D0900D3461F /* PBXTargetDependency */ = {
			isa = PBXTargetDependency;
			target = F8168A8F1F41F1AF001A12AC /* SHDemoApp */;
			targetProxy = F8F188611F429D0900D3461F /* PBXContainerItemProxy */;
		};
		F8F188701F429D7500D3461F /* PBXTargetDependency */ = {
			isa = PBXTargetDependency;
			target = F8168A8F1F41F1AF001A12AC /* SHDemoApp */;
			targetProxy = F8F1886F1F429D7500D3461F /* PBXContainerItemProxy */;
		};
/* End PBXTargetDependency section */

/* Begin PBXVariantGroup section */
		F8168A971F41F1AF001A12AC /* Main.storyboard */ = {
			isa = PBXVariantGroup;
			children = (
				F8168A981F41F1AF001A12AC /* Base */,
			);
			name = Main.storyboard;
			sourceTree = "<group>";
		};
		F8168A9C1F41F1AF001A12AC /* LaunchScreen.storyboard */ = {
			isa = PBXVariantGroup;
			children = (
				F8168A9D1F41F1AF001A12AC /* Base */,
			);
			name = LaunchScreen.storyboard;
			sourceTree = "<group>";
		};
/* End PBXVariantGroup section */

/* Begin XCBuildConfiguration section */
		F8168AA01F41F1AF001A12AC /* Debug */ = {
			isa = XCBuildConfiguration;
			buildSettings = {
				ALWAYS_SEARCH_USER_PATHS = NO;
				CLANG_ANALYZER_NONNULL = YES;
				CLANG_CXX_LANGUAGE_STANDARD = "gnu++0x";
				CLANG_CXX_LIBRARY = "libc++";
				CLANG_ENABLE_MODULES = YES;
				CLANG_ENABLE_OBJC_ARC = YES;
				CLANG_WARN_BOOL_CONVERSION = YES;
				CLANG_WARN_CONSTANT_CONVERSION = YES;
				CLANG_WARN_DIRECT_OBJC_ISA_USAGE = YES_ERROR;
				CLANG_WARN_DOCUMENTATION_COMMENTS = YES;
				CLANG_WARN_EMPTY_BODY = YES;
				CLANG_WARN_ENUM_CONVERSION = YES;
				CLANG_WARN_INFINITE_RECURSION = YES;
				CLANG_WARN_INT_CONVERSION = YES;
				CLANG_WARN_OBJC_ROOT_CLASS = YES_ERROR;
				CLANG_WARN_SUSPICIOUS_MOVE = YES;
				CLANG_WARN_UNREACHABLE_CODE = YES;
				CLANG_WARN__DUPLICATE_METHOD_MATCH = YES;
				"CODE_SIGN_IDENTITY[sdk=iphoneos*]" = "iPhone Developer";
				COPY_PHASE_STRIP = NO;
				DEBUG_INFORMATION_FORMAT = dwarf;
				ENABLE_STRICT_OBJC_MSGSEND = YES;
				ENABLE_TESTABILITY = YES;
				GCC_C_LANGUAGE_STANDARD = gnu99;
				GCC_DYNAMIC_NO_PIC = NO;
				GCC_NO_COMMON_BLOCKS = YES;
				GCC_OPTIMIZATION_LEVEL = 0;
				GCC_PREPROCESSOR_DEFINITIONS = (
					"DEBUG=1",
					"$(inherited)",
				);
				GCC_WARN_64_TO_32_BIT_CONVERSION = YES;
				GCC_WARN_ABOUT_RETURN_TYPE = YES_ERROR;
				GCC_WARN_UNDECLARED_SELECTOR = YES;
				GCC_WARN_UNINITIALIZED_AUTOS = YES_AGGRESSIVE;
				GCC_WARN_UNUSED_FUNCTION = YES;
				GCC_WARN_UNUSED_VARIABLE = YES;
				IPHONEOS_DEPLOYMENT_TARGET = 10.2;
				MTL_ENABLE_DEBUG_INFO = YES;
				ONLY_ACTIVE_ARCH = YES;
				SDKROOT = iphoneos;
				SWIFT_ACTIVE_COMPILATION_CONDITIONS = DEBUG;
				SWIFT_OPTIMIZATION_LEVEL = "-Onone";
			};
			name = Debug;
		};
		F8168AA11F41F1AF001A12AC /* Release */ = {
			isa = XCBuildConfiguration;
			buildSettings = {
				ALWAYS_SEARCH_USER_PATHS = NO;
				CLANG_ANALYZER_NONNULL = YES;
				CLANG_CXX_LANGUAGE_STANDARD = "gnu++0x";
				CLANG_CXX_LIBRARY = "libc++";
				CLANG_ENABLE_MODULES = YES;
				CLANG_ENABLE_OBJC_ARC = YES;
				CLANG_WARN_BOOL_CONVERSION = YES;
				CLANG_WARN_CONSTANT_CONVERSION = YES;
				CLANG_WARN_DIRECT_OBJC_ISA_USAGE = YES_ERROR;
				CLANG_WARN_DOCUMENTATION_COMMENTS = YES;
				CLANG_WARN_EMPTY_BODY = YES;
				CLANG_WARN_ENUM_CONVERSION = YES;
				CLANG_WARN_INFINITE_RECURSION = YES;
				CLANG_WARN_INT_CONVERSION = YES;
				CLANG_WARN_OBJC_ROOT_CLASS = YES_ERROR;
				CLANG_WARN_SUSPICIOUS_MOVE = YES;
				CLANG_WARN_UNREACHABLE_CODE = YES;
				CLANG_WARN__DUPLICATE_METHOD_MATCH = YES;
				"CODE_SIGN_IDENTITY[sdk=iphoneos*]" = "iPhone Developer";
				COPY_PHASE_STRIP = NO;
				DEBUG_INFORMATION_FORMAT = "dwarf-with-dsym";
				ENABLE_NS_ASSERTIONS = NO;
				ENABLE_STRICT_OBJC_MSGSEND = YES;
				GCC_C_LANGUAGE_STANDARD = gnu99;
				GCC_NO_COMMON_BLOCKS = YES;
				GCC_WARN_64_TO_32_BIT_CONVERSION = YES;
				GCC_WARN_ABOUT_RETURN_TYPE = YES_ERROR;
				GCC_WARN_UNDECLARED_SELECTOR = YES;
				GCC_WARN_UNINITIALIZED_AUTOS = YES_AGGRESSIVE;
				GCC_WARN_UNUSED_FUNCTION = YES;
				GCC_WARN_UNUSED_VARIABLE = YES;
				IPHONEOS_DEPLOYMENT_TARGET = 10.2;
				MTL_ENABLE_DEBUG_INFO = NO;
				SDKROOT = iphoneos;
				SWIFT_OPTIMIZATION_LEVEL = "-Owholemodule";
				VALIDATE_PRODUCT = YES;
			};
			name = Release;
		};
		F8168AA31F41F1AF001A12AC /* Debug */ = {
			isa = XCBuildConfiguration;
			baseConfigurationReference = 7DEED060F0C10577C5661171 /* Pods-SHDemoApp.debug.xcconfig */;
			buildSettings = {
				ASSETCATALOG_COMPILER_APPICON_NAME = AppIcon;
				INFOPLIST_FILE = SHDemoApp/Info.plist;
				IPHONEOS_DEPLOYMENT_TARGET = 9.0;
				LD_RUNPATH_SEARCH_PATHS = "$(inherited) @executable_path/Frameworks";
				PRODUCT_BUNDLE_IDENTIFIER = com.fm.SHDemoApp;
				PRODUCT_NAME = "$(TARGET_NAME)";
				SWIFT_VERSION = 3.0;
			};
			name = Debug;
		};
		F8168AA41F41F1AF001A12AC /* Release */ = {
			isa = XCBuildConfiguration;
			baseConfigurationReference = 785E417AA42344F4FC960DE6 /* Pods-SHDemoApp.release.xcconfig */;
			buildSettings = {
				ASSETCATALOG_COMPILER_APPICON_NAME = AppIcon;
				INFOPLIST_FILE = SHDemoApp/Info.plist;
				IPHONEOS_DEPLOYMENT_TARGET = 9.0;
				LD_RUNPATH_SEARCH_PATHS = "$(inherited) @executable_path/Frameworks";
				PRODUCT_BUNDLE_IDENTIFIER = com.fm.SHDemoApp;
				PRODUCT_NAME = "$(TARGET_NAME)";
				SWIFT_VERSION = 3.0;
			};
			name = Release;
		};
		F8F188641F429D0900D3461F /* Debug */ = {
			isa = XCBuildConfiguration;
			buildSettings = {
				INFOPLIST_FILE = SHDemoAppUITests/Info.plist;
				LD_RUNPATH_SEARCH_PATHS = "$(inherited) @executable_path/Frameworks @loader_path/Frameworks";
				PRODUCT_BUNDLE_IDENTIFIER = com.fm.SHDemoAppUITests;
				PRODUCT_NAME = "$(TARGET_NAME)";
				SWIFT_VERSION = 3.0;
				TEST_TARGET_NAME = SHDemoApp;
			};
			name = Debug;
		};
		F8F188651F429D0900D3461F /* Release */ = {
			isa = XCBuildConfiguration;
			buildSettings = {
				INFOPLIST_FILE = SHDemoAppUITests/Info.plist;
				LD_RUNPATH_SEARCH_PATHS = "$(inherited) @executable_path/Frameworks @loader_path/Frameworks";
				PRODUCT_BUNDLE_IDENTIFIER = com.fm.SHDemoAppUITests;
				PRODUCT_NAME = "$(TARGET_NAME)";
				SWIFT_VERSION = 3.0;
				TEST_TARGET_NAME = SHDemoApp;
			};
			name = Release;
		};
		F8F188721F429D7500D3461F /* Debug */ = {
			isa = XCBuildConfiguration;
			buildSettings = {
				BUNDLE_LOADER = "$(TEST_HOST)";
				INFOPLIST_FILE = SHDemoAppTests/Info.plist;
				LD_RUNPATH_SEARCH_PATHS = "$(inherited) @executable_path/Frameworks @loader_path/Frameworks";
				PRODUCT_BUNDLE_IDENTIFIER = com.fm.SHDemoAppTests;
				PRODUCT_NAME = "$(TARGET_NAME)";
				SWIFT_VERSION = 3.0;
				TEST_HOST = "$(BUILT_PRODUCTS_DIR)/SHDemoApp.app/SHDemoApp";
			};
			name = Debug;
		};
		F8F188731F429D7500D3461F /* Release */ = {
			isa = XCBuildConfiguration;
			buildSettings = {
				BUNDLE_LOADER = "$(TEST_HOST)";
				INFOPLIST_FILE = SHDemoAppTests/Info.plist;
				LD_RUNPATH_SEARCH_PATHS = "$(inherited) @executable_path/Frameworks @loader_path/Frameworks";
				PRODUCT_BUNDLE_IDENTIFIER = com.fm.SHDemoAppTests;
				PRODUCT_NAME = "$(TARGET_NAME)";
				SWIFT_VERSION = 3.0;
				TEST_HOST = "$(BUILT_PRODUCTS_DIR)/SHDemoApp.app/SHDemoApp";
			};
			name = Release;
		};
/* End XCBuildConfiguration section */

/* Begin XCConfigurationList section */
		F8168A8B1F41F1AF001A12AC /* Build configuration list for PBXProject "SHDemoApp" */ = {
			isa = XCConfigurationList;
			buildConfigurations = (
				F8168AA01F41F1AF001A12AC /* Debug */,
				F8168AA11F41F1AF001A12AC /* Release */,
			);
			defaultConfigurationIsVisible = 0;
			defaultConfigurationName = Release;
		};
		F8168AA21F41F1AF001A12AC /* Build configuration list for PBXNativeTarget "SHDemoApp" */ = {
			isa = XCConfigurationList;
			buildConfigurations = (
				F8168AA31F41F1AF001A12AC /* Debug */,
				F8168AA41F41F1AF001A12AC /* Release */,
			);
			defaultConfigurationIsVisible = 0;
			defaultConfigurationName = Release;
		};
		F8F188631F429D0900D3461F /* Build configuration list for PBXNativeTarget "SHDemoAppUITests" */ = {
			isa = XCConfigurationList;
			buildConfigurations = (
				F8F188641F429D0900D3461F /* Debug */,
				F8F188651F429D0900D3461F /* Release */,
			);
			defaultConfigurationIsVisible = 0;
		};
		F8F188711F429D7500D3461F /* Build configuration list for PBXNativeTarget "SHDemoAppTests" */ = {
			isa = XCConfigurationList;
			buildConfigurations = (
				F8F188721F429D7500D3461F /* Debug */,
				F8F188731F429D7500D3461F /* Release */,
			);
			defaultConfigurationIsVisible = 0;
		};
/* End XCConfigurationList section */
	};
	rootObject = F8168A881F41F1AF001A12AC /* Project object */;
}
